
Microsoft Visual Studio Solution File, Format Version 12.00
# Visual Studio Version 16
VisualStudioVersion = 16.0.29503.13
MinimumVisualStudioVersion = 10.0.40219.1
Project("{9A19103F-16F7-4668-BE54-9A1E7A4F7556}") = "Porter2StemmerStandard", "Porter2StemmerStandard\Porter2StemmerStandard.csproj", "{6C51B905-117D-4A89-8E6C-B50589157788}"
EndProject
Project("{9A19103F-16F7-4668-BE54-9A1E7A4F7556}") = "Porter2StemmerStandard.UnitTest", "Porter2StemmerStandard.UnitTest\Porter2StemmerStandard.UnitTest.csproj", "{3127092C-F513-4172-AEA7-E7CA88963560}"
EndProject
Project("{9A19103F-16F7-4668-BE54-9A1E7A4F7556}") = "Tester", "Tester\Tester.csproj", "{1E9F550A-93CF-4B88-A792-BD2103173357}"
EndProject
Global
	GlobalSection(SolutionConfigurationPlatforms) = preSolution
		Debug|Any CPU = Debug|Any CPU
		Release|Any CPU = Release|Any CPU
	EndGlobalSection
	GlobalSection(ProjectConfigurationPlatforms) = postSolution
		{6C51B905-117D-4A89-8E6C-B50589157788}.Debug|Any CPU.ActiveCfg = Debug|Any CPU
		{6C51B905-117D-4A89-8E6C-B50589157788}.Debug|Any CPU.Build.0 = Debug|Any CPU
		{6C51B905-117D-4A89-8E6C-B50589157788}.Release|Any CPU.ActiveCfg = Release|Any CPU
		{6C51B905-117D-4A89-8E6C-B50589157788}.Release|Any CPU.Build.0 = Release|Any CPU
		{3127092C-F513-4172-AEA7-E7CA88963560}.Debug|Any CPU.ActiveCfg = Debug|Any CPU
		{3127092C-F513-4172-AEA7-E7CA88963560}.Debug|Any CPU.Build.0 = Debug|Any CPU
		{3127092C-F513-4172-AEA7-E7CA88963560}.Release|Any CPU.ActiveCfg = Release|Any CPU
		{3127092C-F513-4172-AEA7-E7CA88963560}.Release|Any CPU.Build.0 = Release|Any CPU
		{1E9F550A-93CF-4B88-A792-BD2103173357}.Debug|Any CPU.ActiveCfg = Debug|Any CPU
		{1E9F550A-93CF-4B88-A792-BD2103173357}.Debug|Any CPU.Build.0 = Debug|Any CPU
		{1E9F550A-93CF-4B88-A792-BD2103173357}.Release|Any CPU.ActiveCfg = Release|Any CPU
		{1E9F550A-93CF-4B88-A792-BD2103173357}.Release|Any CPU.Build.0 = Release|Any CPU
	EndGlobalSection
	GlobalSection(SolutionProperties) = preSolution
		HideSolutionNode = FALSE
	EndGlobalSection
	GlobalSection(ExtensibilityGlobals) = postSolution
		SolutionGuid = {CC002DA0-6897-4C95-B83B-4EBFC5DF68D3}
	EndGlobalSection
EndGlobal
